
Microsoft Visual Studio Solution File, Format Version 12.00
# Visual Studio Version 17
VisualStudioVersion = 17.5.002.0
MinimumVisualStudioVersion = 10.0.40219.1
Project("{9A19103F-16F7-4668-BE54-9A1E7A4F7556}") = "pilaresPOO", "pilaresPOO.csproj", "{0131530B-633C-4870-97B1-1B713E3CB515}"
EndProject
Global
	GlobalSection(SolutionConfigurationPlatforms) = preSolution
		Debug|Any CPU = Debug|Any CPU
		Release|Any CPU = Release|Any CPU
	EndGlobalSection
	GlobalSection(ProjectConfigurationPlatforms) = postSolution
		{0131530B-633C-4870-97B1-1B713E3CB515}.Debug|Any CPU.ActiveCfg = Debug|Any CPU
		{0131530B-633C-4870-97B1-1B713E3CB515}.Debug|Any CPU.Build.0 = Debug|Any CPU
		{0131530B-633C-4870-97B1-1B713E3CB515}.Release|Any CPU.ActiveCfg = Release|Any CPU
		{0131530B-633C-4870-97B1-1B713E3CB515}.Release|Any CPU.Build.0 = Release|Any CPU
	EndGlobalSection
	GlobalSection(SolutionProperties) = preSolution
		HideSolutionNode = FALSE
	EndGlobalSection
	GlobalSection(ExtensibilityGlobals) = postSolution
		SolutionGuid = {9D5FEE57-5539-4E28-9DF7-77BB90B91DFC}
	EndGlobalSection
EndGlobal
